
Microsoft Visual Studio Solution File, Format Version 12.00
# Visual Studio 2015
Project("{FAE04EC0-301F-11D3-BF4B-00C04F79EFBC}") = "MetaCity.CSharp", "MetaCity.CSharp.csproj", "{EA30D36C-FCA9-25D4-CB63-0908ED7A4615}"
EndProject
Project("{FAE04EC0-301F-11D3-BF4B-00C04F79EFBC}") = "MetaCity.CSharp.Editor", "MetaCity.CSharp.Editor.csproj", "{9798CE8D-0C02-07C3-9CF5-09DFCAE17616}"
EndProject
Global
	GlobalSection(SolutionConfigurationPlatforms) = preSolution
		Debug|Any CPU = Debug|Any CPU
		Release|Any CPU = Release|Any CPU
	EndGlobalSection
	GlobalSection(ProjectConfigurationPlatforms) = postSolution
		{EA30D36C-FCA9-25D4-CB63-0908ED7A4615}.Debug|Any CPU.ActiveCfg = Debug|Any CPU
		{EA30D36C-FCA9-25D4-CB63-0908ED7A4615}.Debug|Any CPU.Build.0 = Debug|Any CPU
		{EA30D36C-FCA9-25D4-CB63-0908ED7A4615}.Release|Any CPU.ActiveCfg = Release|Any CPU
		{EA30D36C-FCA9-25D4-CB63-0908ED7A4615}.Release|Any CPU.Build.0 = Release|Any CPU
		{9798CE8D-0C02-07C3-9CF5-09DFCAE17616}.Debug|Any CPU.ActiveCfg = Debug|Any CPU
		{9798CE8D-0C02-07C3-9CF5-09DFCAE17616}.Debug|Any CPU.Build.0 = Debug|Any CPU
		{9798CE8D-0C02-07C3-9CF5-09DFCAE17616}.Release|Any CPU.ActiveCfg = Release|Any CPU
		{9798CE8D-0C02-07C3-9CF5-09DFCAE17616}.Release|Any CPU.Build.0 = Release|Any CPU
	EndGlobalSection
	GlobalSection(SolutionProperties) = preSolution
		HideSolutionNode = FALSE
	EndGlobalSection
EndGlobal
